
Microsoft Visual Studio Solution File, Format Version 12.00
# Visual Studio Version 16
VisualStudioVersion = 16.0.29728.190
MinimumVisualStudioVersion = 10.0.40219.1
Project("{9A19103F-16F7-4668-BE54-9A1E7A4F7556}") = "DemotivatorBot", "DemotivatorBot.csproj", "{921FB71F-D872-471C-B59E-59596BAC52F7}"
EndProject
Global
	GlobalSection(SolutionConfigurationPlatforms) = preSolution
		Debug|Any CPU = Debug|Any CPU
		Release|Any CPU = Release|Any CPU
	EndGlobalSection
	GlobalSection(ProjectConfigurationPlatforms) = postSolution
		{921FB71F-D872-471C-B59E-59596BAC52F7}.Debug|Any CPU.ActiveCfg = Debug|Any CPU
		{921FB71F-D872-471C-B59E-59596BAC52F7}.Debug|Any CPU.Build.0 = Debug|Any CPU
		{921FB71F-D872-471C-B59E-59596BAC52F7}.Release|Any CPU.ActiveCfg = Release|Any CPU
		{921FB71F-D872-471C-B59E-59596BAC52F7}.Release|Any CPU.Build.0 = Release|Any CPU
	EndGlobalSection
	GlobalSection(SolutionProperties) = preSolution
		HideSolutionNode = FALSE
	EndGlobalSection
	GlobalSection(ExtensibilityGlobals) = postSolution
		SolutionGuid = {40DA1BB4-2A06-4613-943F-0EBE4259AD0D}
	EndGlobalSection
EndGlobal
